
Microsoft Visual Studio Solution File, Format Version 12.00
# Visual Studio 15
VisualStudioVersion = 15.0.28010.2003
MinimumVisualStudioVersion = 10.0.40219.1
Project("{FAE04EC0-301F-11D3-BF4B-00C04F79EFBC}") = "Ludwig", "Ludwig\Ludwig.csproj", "{7B1ED9A0-AFB8-4161-A51A-04D5732B120B}"
EndProject
Project("{FAE04EC0-301F-11D3-BF4B-00C04F79EFBC}") = "Clavier", "Clavier\Clavier.csproj", "{34D95607-0191-4BAC-B1BC-D5650BD185B9}"
EndProject
Global
	GlobalSection(SolutionConfigurationPlatforms) = preSolution
		Debug|Any CPU = Debug|Any CPU
		Release|Any CPU = Release|Any CPU
	EndGlobalSection
	GlobalSection(ProjectConfigurationPlatforms) = postSolution
		{7B1ED9A0-AFB8-4161-A51A-04D5732B120B}.Debug|Any CPU.ActiveCfg = Debug|Any CPU
		{7B1ED9A0-AFB8-4161-A51A-04D5732B120B}.Debug|Any CPU.Build.0 = Debug|Any CPU
		{7B1ED9A0-AFB8-4161-A51A-04D5732B120B}.Release|Any CPU.ActiveCfg = Release|Any CPU
		{7B1ED9A0-AFB8-4161-A51A-04D5732B120B}.Release|Any CPU.Build.0 = Release|Any CPU
		{34D95607-0191-4BAC-B1BC-D5650BD185B9}.Debug|Any CPU.ActiveCfg = Debug|Any CPU
		{34D95607-0191-4BAC-B1BC-D5650BD185B9}.Debug|Any CPU.Build.0 = Debug|Any CPU
		{34D95607-0191-4BAC-B1BC-D5650BD185B9}.Release|Any CPU.ActiveCfg = Release|Any CPU
		{34D95607-0191-4BAC-B1BC-D5650BD185B9}.Release|Any CPU.Build.0 = Release|Any CPU
	EndGlobalSection
	GlobalSection(SolutionProperties) = preSolution
		HideSolutionNode = FALSE
	EndGlobalSection
	GlobalSection(ExtensibilityGlobals) = postSolution
		SolutionGuid = {ECF44C7E-2920-4D66-A590-75D7F1F7F689}
	EndGlobalSection
EndGlobal
